
Microsoft Visual Studio Solution File, Format Version 12.00
# Visual Studio 14
VisualStudioVersion = 14.0.25123.0
MinimumVisualStudioVersion = 10.0.40219.1
Project("{FAE04EC0-301F-11D3-BF4B-00C04F79EFBC}") = "Clarify", "Clarify\Clarify.csproj", "{07F4B0A9-ED81-4152-A11E-B73078030DFF}"
EndProject
Project("{FAE04EC0-301F-11D3-BF4B-00C04F79EFBC}") = "Clarify.Tests", "Clarify.Tests\Clarify.Tests.csproj", "{12332EB2-6E34-43AB-B9FC-A252C330CFCD}"
EndProject
Global
	GlobalSection(SolutionConfigurationPlatforms) = preSolution
		Debug|Any CPU = Debug|Any CPU
		Release|Any CPU = Release|Any CPU
	EndGlobalSection
	GlobalSection(ProjectConfigurationPlatforms) = postSolution
		{07F4B0A9-ED81-4152-A11E-B73078030DFF}.Debug|Any CPU.ActiveCfg = Debug|Any CPU
		{07F4B0A9-ED81-4152-A11E-B73078030DFF}.Debug|Any CPU.Build.0 = Debug|Any CPU
		{07F4B0A9-ED81-4152-A11E-B73078030DFF}.Release|Any CPU.ActiveCfg = Release|Any CPU
		{07F4B0A9-ED81-4152-A11E-B73078030DFF}.Release|Any CPU.Build.0 = Release|Any CPU
		{12332EB2-6E34-43AB-B9FC-A252C330CFCD}.Debug|Any CPU.ActiveCfg = Debug|Any CPU
		{12332EB2-6E34-43AB-B9FC-A252C330CFCD}.Debug|Any CPU.Build.0 = Debug|Any CPU
		{12332EB2-6E34-43AB-B9FC-A252C330CFCD}.Release|Any CPU.ActiveCfg = Release|Any CPU
		{12332EB2-6E34-43AB-B9FC-A252C330CFCD}.Release|Any CPU.Build.0 = Release|Any CPU
	EndGlobalSection
	GlobalSection(SolutionProperties) = preSolution
		HideSolutionNode = FALSE
	EndGlobalSection
EndGlobal
